// !$*UTF8*$!
{
	archiveVersion = 1;
	classes = {
	};
	objectVersion = 51;
	objects = {

/* Begin PBXBuildFile section */
		8405206A22A456250008A55B /* AppDelegate.swift in Sources */ = {isa = PBXBuildFile; fileRef = 8405206922A456250008A55B /* AppDelegate.swift */; };
		8405206F22A456250008A55B /* Main.storyboard in Resources */ = {isa = PBXBuildFile; fileRef = 8405206D22A456250008A55B /* Main.storyboard */; };
		8405207122A456250008A55B /* Assets.xcassets in Resources */ = {isa = PBXBuildFile; fileRef = 8405207022A456250008A55B /* Assets.xcassets */; };
		8405207422A456250008A55B /* LaunchScreen.storyboard in Resources */ = {isa = PBXBuildFile; fileRef = 8405207222A456250008A55B /* LaunchScreen.storyboard */; };
		8405208022A456F40008A55B /* Colors.xcassets in Resources */ = {isa = PBXBuildFile; fileRef = 8405207F22A456F40008A55B /* Colors.xcassets */; };
		8405208322A45AB50008A55B /* LoginViewController.swift in Sources */ = {isa = PBXBuildFile; fileRef = 8405208222A45AB50008A55B /* LoginViewController.swift */; };
		8405208622A45C790008A55B /* UdacityClient.swift in Sources */ = {isa = PBXBuildFile; fileRef = 8405208522A45C790008A55B /* UdacityClient.swift */; };
		8405208822A45EE00008A55B /* StudentLocation.swift in Sources */ = {isa = PBXBuildFile; fileRef = 8405208722A45EE00008A55B /* StudentLocation.swift */; };
		8405208A22A460C00008A55B /* StudentLocationResponse.swift in Sources */ = {isa = PBXBuildFile; fileRef = 8405208922A460C00008A55B /* StudentLocationResponse.swift */; };
		8405208D22A462FC0008A55B /* PostStudentLocationResponse.swift in Sources */ = {isa = PBXBuildFile; fileRef = 8405208C22A462FC0008A55B /* PostStudentLocationResponse.swift */; };
		8405209022A466130008A55B /* StudentLocationRequest.swift in Sources */ = {isa = PBXBuildFile; fileRef = 8405208F22A466130008A55B /* StudentLocationRequest.swift */; };
		8405209222A468E40008A55B /* MapViewController.swift in Sources */ = {isa = PBXBuildFile; fileRef = 8405209122A468E40008A55B /* MapViewController.swift */; };
		8405209422A468FD0008A55B /* ListViewController.swift in Sources */ = {isa = PBXBuildFile; fileRef = 8405209322A468FD0008A55B /* ListViewController.swift */; };
/* End PBXBuildFile section */

/* Begin PBXFileReference section */
		8405206622A456250008A55B /* On The Map.app */ = {isa = PBXFileReference; explicitFileType = wrapper.application; includeInIndex = 0; path = "On The Map.app"; sourceTree = BUILT_PRODUCTS_DIR; };
		8405206922A456250008A55B /* AppDelegate.swift */ = {isa = PBXFileReference; lastKnownFileType = sourcecode.swift; path = AppDelegate.swift; sourceTree = "<group>"; };
		8405206E22A456250008A55B /* Base */ = {isa = PBXFileReference; lastKnownFileType = file.storyboard; name = Base; path = Base.lproj/Main.storyboard; sourceTree = "<group>"; };
		8405207022A456250008A55B /* Assets.xcassets */ = {isa = PBXFileReference; lastKnownFileType = folder.assetcatalog; path = Assets.xcassets; sourceTree = "<group>"; };
		8405207322A456250008A55B /* Base */ = {isa = PBXFileReference; lastKnownFileType = file.storyboard; name = Base; path = Base.lproj/LaunchScreen.storyboard; sourceTree = "<group>"; };
		8405207522A456250008A55B /* Info.plist */ = {isa = PBXFileReference; lastKnownFileType = text.plist.xml; path = Info.plist; sourceTree = "<group>"; };
		8405207F22A456F40008A55B /* Colors.xcassets */ = {isa = PBXFileReference; lastKnownFileType = folder.assetcatalog; path = Colors.xcassets; sourceTree = "<group>"; };
		8405208222A45AB50008A55B /* LoginViewController.swift */ = {isa = PBXFileReference; lastKnownFileType = sourcecode.swift; path = LoginViewController.swift; sourceTree = "<group>"; };
		8405208522A45C790008A55B /* UdacityClient.swift */ = {isa = PBXFileReference; fileEncoding = 4; lastKnownFileType = sourcecode.swift; path = UdacityClient.swift; sourceTree = "<group>"; };
		8405208722A45EE00008A55B /* StudentLocation.swift */ = {isa = PBXFileReference; lastKnownFileType = sourcecode.swift; path = StudentLocation.swift; sourceTree = "<group>"; };
		8405208922A460C00008A55B /* StudentLocationResponse.swift */ = {isa = PBXFileReference; lastKnownFileType = sourcecode.swift; path = StudentLocationResponse.swift; sourceTree = "<group>"; };
		8405208C22A462FC0008A55B /* PostStudentLocationResponse.swift */ = {isa = PBXFileReference; lastKnownFileType = sourcecode.swift; path = PostStudentLocationResponse.swift; sourceTree = "<group>"; };
		8405208F22A466130008A55B /* StudentLocationRequest.swift */ = {isa = PBXFileReference; lastKnownFileType = sourcecode.swift; path = StudentLocationRequest.swift; sourceTree = "<group>"; };
		8405209122A468E40008A55B /* MapViewController.swift */ = {isa = PBXFileReference; lastKnownFileType = sourcecode.swift; path = MapViewController.swift; sourceTree = "<group>"; };
		8405209322A468FD0008A55B /* ListViewController.swift */ = {isa = PBXFileReference; lastKnownFileType = sourcecode.swift; path = ListViewController.swift; sourceTree = "<group>"; };
/* End PBXFileReference section */

/* Begin PBXFrameworksBuildPhase section */
		8405206322A456250008A55B /* Frameworks */ = {
			isa = PBXFrameworksBuildPhase;
			buildActionMask = 2147483647;
			files = (
			);
			runOnlyForDeploymentPostprocessing = 0;
		};
/* End PBXFrameworksBuildPhase section */

/* Begin PBXGroup section */
		8405205D22A456250008A55B = {
			isa = PBXGroup;
			children = (
				8405206822A456250008A55B /* On The Map */,
				8405206722A456250008A55B /* Products */,
			);
			sourceTree = "<group>";
		};
		8405206722A456250008A55B /* Products */ = {
			isa = PBXGroup;
			children = (
				8405206622A456250008A55B /* On The Map.app */,
			);
			name = Products;
			sourceTree = "<group>";
		};
		8405206822A456250008A55B /* On The Map */ = {
			isa = PBXGroup;
			children = (
				8405208122A456FF0008A55B /* Assets */,
				8405207D22A456840008A55B /* Controller */,
				8405207C22A4567E0008A55B /* View */,
				8405207B22A456770008A55B /* Model */,
				8405206922A456250008A55B /* AppDelegate.swift */,
				8405207522A456250008A55B /* Info.plist */,
			);
			path = "On The Map";
			sourceTree = "<group>";
		};
		8405207B22A456770008A55B /* Model */ = {
			isa = PBXGroup;
			children = (
				8405208422A45C620008A55B /* Udacity Client */,
			);
			path = Model;
			sourceTree = "<group>";
		};
		8405207C22A4567E0008A55B /* View */ = {
			isa = PBXGroup;
			children = (
				8405206D22A456250008A55B /* Main.storyboard */,
				8405207222A456250008A55B /* LaunchScreen.storyboard */,
			);
			path = View;
			sourceTree = "<group>";
		};
		8405207D22A456840008A55B /* Controller */ = {
			isa = PBXGroup;
			children = (
				8405208222A45AB50008A55B /* LoginViewController.swift */,
				8405209122A468E40008A55B /* MapViewController.swift */,
				8405209322A468FD0008A55B /* ListViewController.swift */,
			);
			path = Controller;
			sourceTree = "<group>";
		};
		8405208122A456FF0008A55B /* Assets */ = {
			isa = PBXGroup;
			children = (
				8405207F22A456F40008A55B /* Colors.xcassets */,
				8405207022A456250008A55B /* Assets.xcassets */,
			);
			path = Assets;
			sourceTree = "<group>";
		};
		8405208422A45C620008A55B /* Udacity Client */ = {
			isa = PBXGroup;
			children = (
				8405208522A45C790008A55B /* UdacityClient.swift */,
				8405208E22A465EF0008A55B /* UdacityRequest */,
				8405208B22A462DD0008A55B /* UdacityResponse */,
			);
			path = "Udacity Client";
			sourceTree = "<group>";
		};
		8405208B22A462DD0008A55B /* UdacityResponse */ = {
			isa = PBXGroup;
			children = (
				8405208922A460C00008A55B /* StudentLocationResponse.swift */,
				8405208C22A462FC0008A55B /* PostStudentLocationResponse.swift */,
			);
			path = UdacityResponse;
			sourceTree = "<group>";
		};
		8405208E22A465EF0008A55B /* UdacityRequest */ = {
			isa = PBXGroup;
			children = (
				8405208722A45EE00008A55B /* StudentLocation.swift */,
				8405208F22A466130008A55B /* StudentLocationRequest.swift */,
			);
			path = UdacityRequest;
			sourceTree = "<group>";
		};
/* End PBXGroup section */

/* Begin PBXNativeTarget section */
		8405206522A456250008A55B /* On The Map */ = {
			isa = PBXNativeTarget;
			buildConfigurationList = 8405207822A456250008A55B /* Build configuration list for PBXNativeTarget "On The Map" */;
			buildPhases = (
				8405206222A456250008A55B /* Sources */,
				8405206322A456250008A55B /* Frameworks */,
				8405206422A456250008A55B /* Resources */,
			);
			buildRules = (
			);
			dependencies = (
			);
			name = "On The Map";
			productName = "On The Map";
			productReference = 8405206622A456250008A55B /* On The Map.app */;
			productType = "com.apple.product-type.application";
		};
/* End PBXNativeTarget section */

/* Begin PBXProject section */
		8405205E22A456250008A55B /* Project object */ = {
			isa = PBXProject;
			attributes = {
				LastSwiftUpdateCheck = 1020;
				LastUpgradeCheck = 1020;
				ORGANIZATIONNAME = "Brent Mifsud";
				TargetAttributes = {
					8405206522A456250008A55B = {
						CreatedOnToolsVersion = 10.2.1;
					};
				};
			};
			buildConfigurationList = 8405206122A456250008A55B /* Build configuration list for PBXProject "On The Map" */;
			compatibilityVersion = "Xcode 10.0";
			developmentRegion = en;
			hasScannedForEncodings = 0;
			knownRegions = (
				en,
				Base,
			);
			mainGroup = 8405205D22A456250008A55B;
			productRefGroup = 8405206722A456250008A55B /* Products */;
			projectDirPath = "";
			projectRoot = "";
			targets = (
				8405206522A456250008A55B /* On The Map */,
			);
		};
/* End PBXProject section */

/* Begin PBXResourcesBuildPhase section */
		8405206422A456250008A55B /* Resources */ = {
			isa = PBXResourcesBuildPhase;
			buildActionMask = 2147483647;
			files = (
				8405207422A456250008A55B /* LaunchScreen.storyboard in Resources */,
				8405208022A456F40008A55B /* Colors.xcassets in Resources */,
				8405207122A456250008A55B /* Assets.xcassets in Resources */,
				8405206F22A456250008A55B /* Main.storyboard in Resources */,
			);
			runOnlyForDeploymentPostprocessing = 0;
		};
/* End PBXResourcesBuildPhase section */

/* Begin PBXSourcesBuildPhase section */
		8405206222A456250008A55B /* Sources */ = {
			isa = PBXSourcesBuildPhase;
			buildActionMask = 2147483647;
			files = (
				8405208822A45EE00008A55B /* StudentLocation.swift in Sources */,
				8405208D22A462FC0008A55B /* PostStudentLocationResponse.swift in Sources */,
				8405209022A466130008A55B /* StudentLocationRequest.swift in Sources */,
				8405208322A45AB50008A55B /* LoginViewController.swift in Sources */,
				8405206A22A456250008A55B /* AppDelegate.swift in Sources */,
				8405209422A468FD0008A55B /* ListViewController.swift in Sources */,
				8405208A22A460C00008A55B /* StudentLocationResponse.swift in Sources */,
				8405208622A45C790008A55B /* UdacityClient.swift in Sources */,
				8405209222A468E40008A55B /* MapViewController.swift in Sources */,
			);
			runOnlyForDeploymentPostprocessing = 0;
		};
/* End PBXSourcesBuildPhase section */

/* Begin PBXVariantGroup section */
		8405206D22A456250008A55B /* Main.storyboard */ = {
			isa = PBXVariantGroup;
			children = (
				8405206E22A456250008A55B /* Base */,
			);
			name = Main.storyboard;
			sourceTree = "<group>";
		};
		8405207222A456250008A55B /* LaunchScreen.storyboard */ = {
			isa = PBXVariantGroup;
			children = (
				8405207322A456250008A55B /* Base */,
			);
			name = LaunchScreen.storyboard;
			sourceTree = "<group>";
		};
/* End PBXVariantGroup section */

/* Begin XCBuildConfiguration section */
		8405207622A456250008A55B /* Debug */ = {
			isa = XCBuildConfiguration;
			buildSettings = {
				ALWAYS_SEARCH_USER_PATHS = NO;
				CLANG_ANALYZER_NONNULL = YES;
				CLANG_ANALYZER_NUMBER_OBJECT_CONVERSION = YES_AGGRESSIVE;
				CLANG_CXX_LANGUAGE_STANDARD = "gnu++14";
				CLANG_CXX_LIBRARY = "libc++";
				CLANG_ENABLE_MODULES = YES;
				CLANG_ENABLE_OBJC_ARC = YES;
				CLANG_ENABLE_OBJC_WEAK = YES;
				CLANG_WARN_BLOCK_CAPTURE_AUTORELEASING = YES;
				CLANG_WARN_BOOL_CONVERSION = YES;
				CLANG_WARN_COMMA = YES;
				CLANG_WARN_CONSTANT_CONVERSION = YES;
				CLANG_WARN_DEPRECATED_OBJC_IMPLEMENTATIONS = YES;
				CLANG_WARN_DIRECT_OBJC_ISA_USAGE = YES_ERROR;
				CLANG_WARN_DOCUMENTATION_COMMENTS = YES;
				CLANG_WARN_EMPTY_BODY = YES;
				CLANG_WARN_ENUM_CONVERSION = YES;
				CLANG_WARN_INFINITE_RECURSION = YES;
				CLANG_WARN_INT_CONVERSION = YES;
				CLANG_WARN_NON_LITERAL_NULL_CONVERSION = YES;
				CLANG_WARN_OBJC_IMPLICIT_RETAIN_SELF = YES;
				CLANG_WARN_OBJC_LITERAL_CONVERSION = YES;
				CLANG_WARN_OBJC_ROOT_CLASS = YES_ERROR;
				CLANG_WARN_RANGE_LOOP_ANALYSIS = YES;
				CLANG_WARN_STRICT_PROTOTYPES = YES;
				CLANG_WARN_SUSPICIOUS_MOVE = YES;
				CLANG_WARN_UNGUARDED_AVAILABILITY = YES_AGGRESSIVE;
				CLANG_WARN_UNREACHABLE_CODE = YES;
				CLANG_WARN__DUPLICATE_METHOD_MATCH = YES;
				CODE_SIGN_IDENTITY = "iPhone Developer";
				COPY_PHASE_STRIP = NO;
				DEBUG_INFORMATION_FORMAT = dwarf;
				ENABLE_STRICT_OBJC_MSGSEND = YES;
				ENABLE_TESTABILITY = YES;
				GCC_C_LANGUAGE_STANDARD = gnu11;
				GCC_DYNAMIC_NO_PIC = NO;
				GCC_NO_COMMON_BLOCKS = YES;
				GCC_OPTIMIZATION_LEVEL = 0;
				GCC_PREPROCESSOR_DEFINITIONS = (
					"DEBUG=1",
					"$(inherited)",
				);
				GCC_WARN_64_TO_32_BIT_CONVERSION = YES;
				GCC_WARN_ABOUT_RETURN_TYPE = YES_ERROR;
				GCC_WARN_UNDECLARED_SELECTOR = YES;
				GCC_WARN_UNINITIALIZED_AUTOS = YES_AGGRESSIVE;
				GCC_WARN_UNUSED_FUNCTION = YES;
				GCC_WARN_UNUSED_VARIABLE = YES;
				IPHONEOS_DEPLOYMENT_TARGET = 12.2;
				MTL_ENABLE_DEBUG_INFO = INCLUDE_SOURCE;
				MTL_FAST_MATH = YES;
				ONLY_ACTIVE_ARCH = YES;
				SDKROOT = iphoneos;
				SWIFT_ACTIVE_COMPILATION_CONDITIONS = DEBUG;
				SWIFT_OPTIMIZATION_LEVEL = "-Onone";
			};
			name = Debug;
		};
		8405207722A456250008A55B /* Release */ = {
			isa = XCBuildConfiguration;
			buildSettings = {
				ALWAYS_SEARCH_USER_PATHS = NO;
				CLANG_ANALYZER_NONNULL = YES;
				CLANG_ANALYZER_NUMBER_OBJECT_CONVERSION = YES_AGGRESSIVE;
				CLANG_CXX_LANGUAGE_STANDARD = "gnu++14";
				CLANG_CXX_LIBRARY = "libc++";
				CLANG_ENABLE_MODULES = YES;
				CLANG_ENABLE_OBJC_ARC = YES;
				CLANG_ENABLE_OBJC_WEAK = YES;
				CLANG_WARN_BLOCK_CAPTURE_AUTORELEASING = YES;
				CLANG_WARN_BOOL_CONVERSION = YES;
				CLANG_WARN_COMMA = YES;
				CLANG_WARN_CONSTANT_CONVERSION = YES;
				CLANG_WARN_DEPRECATED_OBJC_IMPLEMENTATIONS = YES;
				CLANG_WARN_DIRECT_OBJC_ISA_USAGE = YES_ERROR;
				CLANG_WARN_DOCUMENTATION_COMMENTS = YES;
				CLANG_WARN_EMPTY_BODY = YES;
				CLANG_WARN_ENUM_CONVERSION = YES;
				CLANG_WARN_INFINITE_RECURSION = YES;
				CLANG_WARN_INT_CONVERSION = YES;
				CLANG_WARN_NON_LITERAL_NULL_CONVERSION = YES;
				CLANG_WARN_OBJC_IMPLICIT_RETAIN_SELF = YES;
				CLANG_WARN_OBJC_LITERAL_CONVERSION = YES;
				CLANG_WARN_OBJC_ROOT_CLASS = YES_ERROR;
				CLANG_WARN_RANGE_LOOP_ANALYSIS = YES;
				CLANG_WARN_STRICT_PROTOTYPES = YES;
				CLANG_WARN_SUSPICIOUS_MOVE = YES;
				CLANG_WARN_UNGUARDED_AVAILABILITY = YES_AGGRESSIVE;
				CLANG_WARN_UNREACHABLE_CODE = YES;
				CLANG_WARN__DUPLICATE_METHOD_MATCH = YES;
				CODE_SIGN_IDENTITY = "iPhone Developer";
				COPY_PHASE_STRIP = NO;
				DEBUG_INFORMATION_FORMAT = "dwarf-with-dsym";
				ENABLE_NS_ASSERTIONS = NO;
				ENABLE_STRICT_OBJC_MSGSEND = YES;
				GCC_C_LANGUAGE_STANDARD = gnu11;
				GCC_NO_COMMON_BLOCKS = YES;
				GCC_WARN_64_TO_32_BIT_CONVERSION = YES;
				GCC_WARN_ABOUT_RETURN_TYPE = YES_ERROR;
				GCC_WARN_UNDECLARED_SELECTOR = YES;
				GCC_WARN_UNINITIALIZED_AUTOS = YES_AGGRESSIVE;
				GCC_WARN_UNUSED_FUNCTION = YES;
				GCC_WARN_UNUSED_VARIABLE = YES;
				IPHONEOS_DEPLOYMENT_TARGET = 12.2;
				MTL_ENABLE_DEBUG_INFO = NO;
				MTL_FAST_MATH = YES;
				SDKROOT = iphoneos;
				SWIFT_COMPILATION_MODE = wholemodule;
				SWIFT_OPTIMIZATION_LEVEL = "-O";
				VALIDATE_PRODUCT = YES;
			};
			name = Release;
		};
		8405207922A456250008A55B /* Debug */ = {
			isa = XCBuildConfiguration;
			buildSettings = {
				ASSETCATALOG_COMPILER_APPICON_NAME = AppIcon;
				CODE_SIGN_STYLE = Automatic;
				DEVELOPMENT_TEAM = M5MTT5YDN9;
				INFOPLIST_FILE = "On The Map/Info.plist";
				LD_RUNPATH_SEARCH_PATHS = (
					"$(inherited)",
					"@executable_path/Frameworks",
				);
				PRODUCT_BUNDLE_IDENTIFIER = "com.brentmifsud.On-The-Map";
				PRODUCT_NAME = "$(TARGET_NAME)";
				SWIFT_VERSION = 5.0;
				TARGETED_DEVICE_FAMILY = "1,2";
			};
			name = Debug;
		};
		8405207A22A456250008A55B /* Release */ = {
			isa = XCBuildConfiguration;
			buildSettings = {
				ASSETCATALOG_COMPILER_APPICON_NAME = AppIcon;
				CODE_SIGN_STYLE = Automatic;
				DEVELOPMENT_TEAM = M5MTT5YDN9;
				INFOPLIST_FILE = "On The Map/Info.plist";
				LD_RUNPATH_SEARCH_PATHS = (
					"$(inherited)",
					"@executable_path/Frameworks",
				);
				PRODUCT_BUNDLE_IDENTIFIER = "com.brentmifsud.On-The-Map";
				PRODUCT_NAME = "$(TARGET_NAME)";
				SWIFT_VERSION = 5.0;
				TARGETED_DEVICE_FAMILY = "1,2";
			};
			name = Release;
		};
/* End XCBuildConfiguration section */

/* Begin XCConfigurationList section */
		8405206122A456250008A55B /* Build configuration list for PBXProject "On The Map" */ = {
			isa = XCConfigurationList;
			buildConfigurations = (
				8405207622A456250008A55B /* Debug */,
				8405207722A456250008A55B /* Release */,
			);
			defaultConfigurationIsVisible = 0;
			defaultConfigurationName = Release;
		};
		8405207822A456250008A55B /* Build configuration list for PBXNativeTarget "On The Map" */ = {
			isa = XCConfigurationList;
			buildConfigurations = (
				8405207922A456250008A55B /* Debug */,
				8405207A22A456250008A55B /* Release */,
			);
			defaultConfigurationIsVisible = 0;
			defaultConfigurationName = Release;
		};
/* End XCConfigurationList section */
	};
	rootObject = 8405205E22A456250008A55B /* Project object */;
}
